{
  "name": "web site tbilisi",
  "lockfileVersion": 3,
  "requires": true,
  "packages": {
    "": {
      "dependencies": {
        "bootstrap": "^5.3.2"
      }
    },
    "node_modules/@popperjs/core": {
      "version": "2.11.8",
      "resolved": "https://registry.npmjs.org/@popperjs/core/-/core-2.11.8.tgz",
      "integrity": "sha512-P1st0aksCrn9sGZhp8GMYwBnQsbvAWsZAX44oXNNvLHGqAOcoVxmjZiohstwQ7SqKnbR47akdNi+uleWD8+g6A==",
      "peer": true,
      "funding": {
        "type": "opencollective",
        "url": "https://opencollective.com/popperjs"
      }
    },
    "node_modules/bootstrap": {
      "version": "5.3.2",
      "resolved": "https://registry.npmjs.org/bootstrap/-/bootstrap-5.3.2.tgz",
      "integrity": "sha512-D32nmNWiQHo94BKHLmOrdjlL05q1c8oxbtBphQFb9Z5to6eGRDCm0QgeaZ4zFBHzfg2++rqa2JkqCcxDy0sH0g==",
      "funding": [
        {
          "type": "github",
          "url": "https://github.com/sponsors/twbs"
        },
        {
          "type": "opencollective",
          "url": "https://opencollective.com/bootstrap"
        }
      ],
      "peerDependencies": {
        "@popperjs/core": "^2.11.8"
      }
    }
  }
}
const largeSlider = ()=>{
	let largeSliders = document.querySelectorAll('.large-swiper')
	let prevArrow = document.querySelectorAll('.prev')
	let nextArrow = document.querySelectorAll('.next')
	largeSliders.forEach((slider, index)=>{
    // this bit checks if there's more than 1 slide, if there's only 1 it won't loop
		let sliderLength = slider.children[0].children.length
		let result = (sliderLength > 1) ? true : false
		const swiper = new Swiper(slider, {
			direction: 'horizontal',
			loop: result,
			navigation: {
        // the 'index' bit below is just the order of the class in the queryselectorAll array, so the first one would be NextArrow[0] etc
				nextEl: nextArrow[index],
				prevEl: prevArrow[index],
			},
			speed: 1000,
		});	
	})
}
window.addEventListener('load', largeSlider)
